// !$*UTF8*$!
{
	archiveVersion = 1;
	classes = {
	};
	objectVersion = 46;
	objects = {

/* Begin PBXBuildFile section */
		166713731DBEF1EE00DE5046 /* AppDelegate.swift in Sources */ = {isa = PBXBuildFile; fileRef = 166713721DBEF1EE00DE5046 /* AppDelegate.swift */; };
		166713751DBEF1EE00DE5046 /* ViewController.swift in Sources */ = {isa = PBXBuildFile; fileRef = 166713741DBEF1EE00DE5046 /* ViewController.swift */; };
		166713781DBEF1EE00DE5046 /* Main.storyboard in Resources */ = {isa = PBXBuildFile; fileRef = 166713761DBEF1EE00DE5046 /* Main.storyboard */; };
		1667137A1DBEF1EE00DE5046 /* Assets.xcassets in Resources */ = {isa = PBXBuildFile; fileRef = 166713791DBEF1EE00DE5046 /* Assets.xcassets */; };
		1667137D1DBEF1EE00DE5046 /* LaunchScreen.storyboard in Resources */ = {isa = PBXBuildFile; fileRef = 1667137B1DBEF1EE00DE5046 /* LaunchScreen.storyboard */; };
		166713851DBEF27500DE5046 /* Line.swift in Sources */ = {isa = PBXBuildFile; fileRef = 166713841DBEF27500DE5046 /* Line.swift */; };
		166713871DBEF39800DE5046 /* DrawView.swift in Sources */ = {isa = PBXBuildFile; fileRef = 166713861DBEF39800DE5046 /* DrawView.swift */; };
/* End PBXBuildFile section */

/* Begin PBXFileReference section */
		1667136F1DBEF1EE00DE5046 /* TouchTracker.app */ = {isa = PBXFileReference; explicitFileType = wrapper.application; includeInIndex = 0; path = TouchTracker.app; sourceTree = BUILT_PRODUCTS_DIR; };
		166713721DBEF1EE00DE5046 /* AppDelegate.swift */ = {isa = PBXFileReference; lastKnownFileType = sourcecode.swift; path = AppDelegate.swift; sourceTree = "<group>"; };
		166713741DBEF1EE00DE5046 /* ViewController.swift */ = {isa = PBXFileReference; lastKnownFileType = sourcecode.swift; path = ViewController.swift; sourceTree = "<group>"; };
		166713771DBEF1EE00DE5046 /* Base */ = {isa = PBXFileReference; lastKnownFileType = file.storyboard; name = Base; path = Base.lproj/Main.storyboard; sourceTree = "<group>"; };
		166713791DBEF1EE00DE5046 /* Assets.xcassets */ = {isa = PBXFileReference; lastKnownFileType = folder.assetcatalog; path = Assets.xcassets; sourceTree = "<group>"; };
		1667137C1DBEF1EE00DE5046 /* Base */ = {isa = PBXFileReference; lastKnownFileType = file.storyboard; name = Base; path = Base.lproj/LaunchScreen.storyboard; sourceTree = "<group>"; };
		1667137E1DBEF1EE00DE5046 /* Info.plist */ = {isa = PBXFileReference; lastKnownFileType = text.plist.xml; path = Info.plist; sourceTree = "<group>"; };
		166713841DBEF27500DE5046 /* Line.swift */ = {isa = PBXFileReference; fileEncoding = 4; lastKnownFileType = sourcecode.swift; path = Line.swift; sourceTree = "<group>"; };
		166713861DBEF39800DE5046 /* DrawView.swift */ = {isa = PBXFileReference; fileEncoding = 4; lastKnownFileType = sourcecode.swift; path = DrawView.swift; sourceTree = "<group>"; };
/* End PBXFileReference section */

/* Begin PBXFrameworksBuildPhase section */
		1667136C1DBEF1EE00DE5046 /* Frameworks */ = {
			isa = PBXFrameworksBuildPhase;
			buildActionMask = 2147483647;
			files = (
			);
			runOnlyForDeploymentPostprocessing = 0;
		};
/* End PBXFrameworksBuildPhase section */

/* Begin PBXGroup section */
		166713661DBEF1EE00DE5046 = {
			isa = PBXGroup;
			children = (
				166713711DBEF1EE00DE5046 /* TouchTracker */,
				166713701DBEF1EE00DE5046 /* Products */,
			);
			sourceTree = "<group>";
		};
		166713701DBEF1EE00DE5046 /* Products */ = {
			isa = PBXGroup;
			children = (
				1667136F1DBEF1EE00DE5046 /* TouchTracker.app */,
			);
			name = Products;
			sourceTree = "<group>";
		};
		166713711DBEF1EE00DE5046 /* TouchTracker */ = {
			isa = PBXGroup;
			children = (
				166713721DBEF1EE00DE5046 /* AppDelegate.swift */,
				166713741DBEF1EE00DE5046 /* ViewController.swift */,
				166713761DBEF1EE00DE5046 /* Main.storyboard */,
				166713791DBEF1EE00DE5046 /* Assets.xcassets */,
				1667137B1DBEF1EE00DE5046 /* LaunchScreen.storyboard */,
				1667137E1DBEF1EE00DE5046 /* Info.plist */,
				166713841DBEF27500DE5046 /* Line.swift */,
				166713861DBEF39800DE5046 /* DrawView.swift */,
			);
			path = TouchTracker;
			sourceTree = "<group>";
		};
/* End PBXGroup section */

/* Begin PBXNativeTarget section */
		1667136E1DBEF1EE00DE5046 /* TouchTracker */ = {
			isa = PBXNativeTarget;
			buildConfigurationList = 166713811DBEF1EE00DE5046 /* Build configuration list for PBXNativeTarget "TouchTracker" */;
			buildPhases = (
				1667136B1DBEF1EE00DE5046 /* Sources */,
				1667136C1DBEF1EE00DE5046 /* Frameworks */,
				1667136D1DBEF1EE00DE5046 /* Resources */,
			);
			buildRules = (
			);
			dependencies = (
			);
			name = TouchTracker;
			productName = TouchTracker;
			productReference = 1667136F1DBEF1EE00DE5046 /* TouchTracker.app */;
			productType = "com.apple.product-type.application";
		};
/* End PBXNativeTarget section */

/* Begin PBXProject section */
		166713671DBEF1EE00DE5046 /* Project object */ = {
			isa = PBXProject;
			attributes = {
				LastSwiftUpdateCheck = 0730;
				LastUpgradeCheck = 0730;
				ORGANIZATIONNAME = "Jeffrey Becker";
				TargetAttributes = {
					1667136E1DBEF1EE00DE5046 = {
						CreatedOnToolsVersion = 7.3.1;
					};
				};
			};
			buildConfigurationList = 1667136A1DBEF1EE00DE5046 /* Build configuration list for PBXProject "TouchTracker" */;
			compatibilityVersion = "Xcode 3.2";
			developmentRegion = English;
			hasScannedForEncodings = 0;
			knownRegions = (
				en,
				Base,
			);
			mainGroup = 166713661DBEF1EE00DE5046;
			productRefGroup = 166713701DBEF1EE00DE5046 /* Products */;
			projectDirPath = "";
			projectRoot = "";
			targets = (
				1667136E1DBEF1EE00DE5046 /* TouchTracker */,
			);
		};
/* End PBXProject section */

/* Begin PBXResourcesBuildPhase section */
		1667136D1DBEF1EE00DE5046 /* Resources */ = {
			isa = PBXResourcesBuildPhase;
			buildActionMask = 2147483647;
			files = (
				1667137D1DBEF1EE00DE5046 /* LaunchScreen.storyboard in Resources */,
				1667137A1DBEF1EE00DE5046 /* Assets.xcassets in Resources */,
				166713781DBEF1EE00DE5046 /* Main.storyboard in Resources */,
			);
			runOnlyForDeploymentPostprocessing = 0;
		};
/* End PBXResourcesBuildPhase section */

/* Begin PBXSourcesBuildPhase section */
		1667136B1DBEF1EE00DE5046 /* Sources */ = {
			isa = PBXSourcesBuildPhase;
			buildActionMask = 2147483647;
			files = (
				166713751DBEF1EE00DE5046 /* ViewController.swift in Sources */,
				166713851DBEF27500DE5046 /* Line.swift in Sources */,
				166713871DBEF39800DE5046 /* DrawView.swift in Sources */,
				166713731DBEF1EE00DE5046 /* AppDelegate.swift in Sources */,
			);
			runOnlyForDeploymentPostprocessing = 0;
		};
/* End PBXSourcesBuildPhase section */

/* Begin PBXVariantGroup section */
		166713761DBEF1EE00DE5046 /* Main.storyboard */ = {
			isa = PBXVariantGroup;
			children = (
				166713771DBEF1EE00DE5046 /* Base */,
			);
			name = Main.storyboard;
			sourceTree = "<group>";
		};
		1667137B1DBEF1EE00DE5046 /* LaunchScreen.storyboard */ = {
			isa = PBXVariantGroup;
			children = (
				1667137C1DBEF1EE00DE5046 /* Base */,
			);
			name = LaunchScreen.storyboard;
			sourceTree = "<group>";
		};
/* End PBXVariantGroup section */

/* Begin XCBuildConfiguration section */
		1667137F1DBEF1EE00DE5046 /* Debug */ = {
			isa = XCBuildConfiguration;
			buildSettings = {
				ALWAYS_SEARCH_USER_PATHS = NO;
				CLANG_ANALYZER_NONNULL = YES;
				CLANG_CXX_LANGUAGE_STANDARD = "gnu++0x";
				CLANG_CXX_LIBRARY = "libc++";
				CLANG_ENABLE_MODULES = YES;
				CLANG_ENABLE_OBJC_ARC = YES;
				CLANG_WARN_BOOL_CONVERSION = YES;
				CLANG_WARN_CONSTANT_CONVERSION = YES;
				CLANG_WARN_DIRECT_OBJC_ISA_USAGE = YES_ERROR;
				CLANG_WARN_EMPTY_BODY = YES;
				CLANG_WARN_ENUM_CONVERSION = YES;
				CLANG_WARN_INT_CONVERSION = YES;
				CLANG_WARN_OBJC_ROOT_CLASS = YES_ERROR;
				CLANG_WARN_UNREACHABLE_CODE = YES;
				CLANG_WARN__DUPLICATE_METHOD_MATCH = YES;
				"CODE_SIGN_IDENTITY[sdk=iphoneos*]" = "iPhone Developer";
				COPY_PHASE_STRIP = NO;
				DEBUG_INFORMATION_FORMAT = dwarf;
				ENABLE_STRICT_OBJC_MSGSEND = YES;
				ENABLE_TESTABILITY = YES;
				GCC_C_LANGUAGE_STANDARD = gnu99;
				GCC_DYNAMIC_NO_PIC = NO;
				GCC_NO_COMMON_BLOCKS = YES;
				GCC_OPTIMIZATION_LEVEL = 0;
				GCC_PREPROCESSOR_DEFINITIONS = (
					"DEBUG=1",
					"$(inherited)",
				);
				GCC_WARN_64_TO_32_BIT_CONVERSION = YES;
				GCC_WARN_ABOUT_RETURN_TYPE = YES_ERROR;
				GCC_WARN_UNDECLARED_SELECTOR = YES;
				GCC_WARN_UNINITIALIZED_AUTOS = YES_AGGRESSIVE;
				GCC_WARN_UNUSED_FUNCTION = YES;
				GCC_WARN_UNUSED_VARIABLE = YES;
				IPHONEOS_DEPLOYMENT_TARGET = 9.3;
				MTL_ENABLE_DEBUG_INFO = YES;
				ONLY_ACTIVE_ARCH = YES;
				SDKROOT = iphoneos;
				SWIFT_OPTIMIZATION_LEVEL = "-Onone";
				TARGETED_DEVICE_FAMILY = "1,2";
			};
			name = Debug;
		};
		166713801DBEF1EE00DE5046 /* Release */ = {
			isa = XCBuildConfiguration;
			buildSettings = {
				ALWAYS_SEARCH_USER_PATHS = NO;
				CLANG_ANALYZER_NONNULL = YES;
				CLANG_CXX_LANGUAGE_STANDARD = "gnu++0x";
				CLANG_CXX_LIBRARY = "libc++";
				CLANG_ENABLE_MODULES = YES;
				CLANG_ENABLE_OBJC_ARC = YES;
				CLANG_WARN_BOOL_CONVERSION = YES;
				CLANG_WARN_CONSTANT_CONVERSION = YES;
				CLANG_WARN_DIRECT_OBJC_ISA_USAGE = YES_ERROR;
				CLANG_WARN_EMPTY_BODY = YES;
				CLANG_WARN_ENUM_CONVERSION = YES;
				CLANG_WARN_INT_CONVERSION = YES;
				CLANG_WARN_OBJC_ROOT_CLASS = YES_ERROR;
				CLANG_WARN_UNREACHABLE_CODE = YES;
				CLANG_WARN__DUPLICATE_METHOD_MATCH = YES;
				"CODE_SIGN_IDENTITY[sdk=iphoneos*]" = "iPhone Developer";
				COPY_PHASE_STRIP = NO;
				DEBUG_INFORMATION_FORMAT = "dwarf-with-dsym";
				ENABLE_NS_ASSERTIONS = NO;
				ENABLE_STRICT_OBJC_MSGSEND = YES;
				GCC_C_LANGUAGE_STANDARD = gnu99;
				GCC_NO_COMMON_BLOCKS = YES;
				GCC_WARN_64_TO_32_BIT_CONVERSION = YES;
				GCC_WARN_ABOUT_RETURN_TYPE = YES_ERROR;
				GCC_WARN_UNDECLARED_SELECTOR = YES;
				GCC_WARN_UNINITIALIZED_AUTOS = YES_AGGRESSIVE;
				GCC_WARN_UNUSED_FUNCTION = YES;
				GCC_WARN_UNUSED_VARIABLE = YES;
				IPHONEOS_DEPLOYMENT_TARGET = 9.3;
				MTL_ENABLE_DEBUG_INFO = NO;
				SDKROOT = iphoneos;
				TARGETED_DEVICE_FAMILY = "1,2";
				VALIDATE_PRODUCT = YES;
			};
			name = Release;
		};
		166713821DBEF1EE00DE5046 /* Debug */ = {
			isa = XCBuildConfiguration;
			buildSettings = {
				ASSETCATALOG_COMPILER_APPICON_NAME = AppIcon;
				INFOPLIST_FILE = TouchTracker/Info.plist;
				LD_RUNPATH_SEARCH_PATHS = "$(inherited) @executable_path/Frameworks";
				PRODUCT_BUNDLE_IDENTIFIER = "Jeffre-Becker-Mobile-Apps.TouchTracker";
				PRODUCT_NAME = "$(TARGET_NAME)";
			};
			name = Debug;
		};
		166713831DBEF1EE00DE5046 /* Release */ = {
			isa = XCBuildConfiguration;
			buildSettings = {
				ASSETCATALOG_COMPILER_APPICON_NAME = AppIcon;
				INFOPLIST_FILE = TouchTracker/Info.plist;
				LD_RUNPATH_SEARCH_PATHS = "$(inherited) @executable_path/Frameworks";
				PRODUCT_BUNDLE_IDENTIFIER = "Jeffre-Becker-Mobile-Apps.TouchTracker";
				PRODUCT_NAME = "$(TARGET_NAME)";
			};
			name = Release;
		};
/* End XCBuildConfiguration section */

/* Begin XCConfigurationList section */
		1667136A1DBEF1EE00DE5046 /* Build configuration list for PBXProject "TouchTracker" */ = {
			isa = XCConfigurationList;
			buildConfigurations = (
				1667137F1DBEF1EE00DE5046 /* Debug */,
				166713801DBEF1EE00DE5046 /* Release */,
			);
			defaultConfigurationIsVisible = 0;
			defaultConfigurationName = Release;
		};
		166713811DBEF1EE00DE5046 /* Build configuration list for PBXNativeTarget "TouchTracker" */ = {
			isa = XCConfigurationList;
			buildConfigurations = (
				166713821DBEF1EE00DE5046 /* Debug */,
				166713831DBEF1EE00DE5046 /* Release */,
			);
			defaultConfigurationIsVisible = 0;
		};
/* End XCConfigurationList section */
	};
	rootObject = 166713671DBEF1EE00DE5046 /* Project object */;
}
